
Microsoft Visual Studio Solution File, Format Version 12.00
# Visual Studio Version 16
VisualStudioVersion = 16.0.30503.244
MinimumVisualStudioVersion = 10.0.40219.1
Project("{FAE04EC0-301F-11D3-BF4B-00C04F79EFBC}") = "Lab_5_3", "Lab_5_3\Lab_5_3.csproj", "{9E5883CC-0B13-42F7-8AD3-83BA61917E1E}"
EndProject
Global
	GlobalSection(SolutionConfigurationPlatforms) = preSolution
		Debug|Any CPU = Debug|Any CPU
		Release|Any CPU = Release|Any CPU
	EndGlobalSection
	GlobalSection(ProjectConfigurationPlatforms) = postSolution
		{9E5883CC-0B13-42F7-8AD3-83BA61917E1E}.Debug|Any CPU.ActiveCfg = Debug|Any CPU
		{9E5883CC-0B13-42F7-8AD3-83BA61917E1E}.Debug|Any CPU.Build.0 = Debug|Any CPU
		{9E5883CC-0B13-42F7-8AD3-83BA61917E1E}.Release|Any CPU.ActiveCfg = Release|Any CPU
		{9E5883CC-0B13-42F7-8AD3-83BA61917E1E}.Release|Any CPU.Build.0 = Release|Any CPU
	EndGlobalSection
	GlobalSection(SolutionProperties) = preSolution
		HideSolutionNode = FALSE
	EndGlobalSection
	GlobalSection(ExtensibilityGlobals) = postSolution
		SolutionGuid = {E13A553E-DDF8-4E17-9888-287C601F6257}
	EndGlobalSection
EndGlobal
